
Microsoft Visual Studio Solution File, Format Version 12.00
# Visual Studio Version 17
VisualStudioVersion = 17.0.31903.59
MinimumVisualStudioVersion = 10.0.40219.1
Project("{2150E333-8FDC-42A3-9474-1A3956D46DE8}") = "src", "src", "{827E0CD3-B72D-47B6-A68D-7590B98EB39B}"
EndProject
Project("{FAE04EC0-301F-11D3-BF4B-00C04F79EFBC}") = "ECommercePoc.Domain", "src\ECommercePoc.Domain\ECommercePoc.Domain.csproj", "{2C7C5BE4-42A5-4C84-B0F5-6BF2736A5E8E}"
EndProject
Project("{FAE04EC0-301F-11D3-BF4B-00C04F79EFBC}") = "ECommercePoc.Application", "src\ECommercePoc.Application\ECommercePoc.Application.csproj", "{E0997346-8C7F-4A9D-97AD-2F59B2082E7E}"
EndProject
Project("{FAE04EC0-301F-11D3-BF4B-00C04F79EFBC}") = "ECommercePoc.Infrastructure", "src\ECommercePoc.Infrastructure\ECommercePoc.Infrastructure.csproj", "{CD267A10-BD75-485A-A3EF-8F5EA99423C4}"
EndProject
Project("{FAE04EC0-301F-11D3-BF4B-00C04F79EFBC}") = "ECommercePoc.Api", "src\ECommercePoc.Api\ECommercePoc.Api.csproj", "{DE262451-857F-4514-9700-0B9C816B1EBB}"
EndProject
Project("{2150E333-8FDC-42A3-9474-1A3956D46DE8}") = "tests", "tests", "{0AB3BF05-4346-4AA6-1389-037BE0695223}"
EndProject
Project("{FAE04EC0-301F-11D3-BF4B-00C04F79EFBC}") = "ECommercePoc.Domain.Tests", "tests\ECommercePoc.Domain.Tests\ECommercePoc.Domain.Tests.csproj", "{13C843D1-D94F-4788-970A-02795222C3DA}"
EndProject
Project("{FAE04EC0-301F-11D3-BF4B-00C04F79EFBC}") = "ECommercePoc.Application.Tests", "tests\ECommercePoc.Application.Tests\ECommercePoc.Application.Tests.csproj", "{5CF1E423-AF47-4968-9403-06940112F971}"
EndProject
Project("{FAE04EC0-301F-11D3-BF4B-00C04F79EFBC}") = "ECommercePoc.Api.Tests", "tests\ECommercePoc.Api.Tests\ECommercePoc.Api.Tests.csproj", "{46441C33-9FE3-495E-8F1F-C9B9D6DF2CF7}"
EndProject
Global
	GlobalSection(SolutionConfigurationPlatforms) = preSolution
		Debug|Any CPU = Debug|Any CPU
		Debug|x64 = Debug|x64
		Debug|x86 = Debug|x86
		Release|Any CPU = Release|Any CPU
		Release|x64 = Release|x64
		Release|x86 = Release|x86
	EndGlobalSection
	GlobalSection(ProjectConfigurationPlatforms) = postSolution
		{2C7C5BE4-42A5-4C84-B0F5-6BF2736A5E8E}.Debug|Any CPU.ActiveCfg = Debug|Any CPU
		{2C7C5BE4-42A5-4C84-B0F5-6BF2736A5E8E}.Debug|Any CPU.Build.0 = Debug|Any CPU
		{2C7C5BE4-42A5-4C84-B0F5-6BF2736A5E8E}.Debug|x64.ActiveCfg = Debug|Any CPU
		{2C7C5BE4-42A5-4C84-B0F5-6BF2736A5E8E}.Debug|x64.Build.0 = Debug|Any CPU
		{2C7C5BE4-42A5-4C84-B0F5-6BF2736A5E8E}.Debug|x86.ActiveCfg = Debug|Any CPU
		{2C7C5BE4-42A5-4C84-B0F5-6BF2736A5E8E}.Debug|x86.Build.0 = Debug|Any CPU
		{2C7C5BE4-42A5-4C84-B0F5-6BF2736A5E8E}.Release|Any CPU.ActiveCfg = Release|Any CPU
		{2C7C5BE4-42A5-4C84-B0F5-6BF2736A5E8E}.Release|Any CPU.Build.0 = Release|Any CPU
		{2C7C5BE4-42A5-4C84-B0F5-6BF2736A5E8E}.Release|x64.ActiveCfg = Release|Any CPU
		{2C7C5BE4-42A5-4C84-B0F5-6BF2736A5E8E}.Release|x64.Build.0 = Release|Any CPU
		{2C7C5BE4-42A5-4C84-B0F5-6BF2736A5E8E}.Release|x86.ActiveCfg = Release|Any CPU
		{2C7C5BE4-42A5-4C84-B0F5-6BF2736A5E8E}.Release|x86.Build.0 = Release|Any CPU
		{E0997346-8C7F-4A9D-97AD-2F59B2082E7E}.Debug|Any CPU.ActiveCfg = Debug|Any CPU
		{E0997346-8C7F-4A9D-97AD-2F59B2082E7E}.Debug|Any CPU.Build.0 = Debug|Any CPU
		{E0997346-8C7F-4A9D-97AD-2F59B2082E7E}.Debug|x64.ActiveCfg = Debug|Any CPU
		{E0997346-8C7F-4A9D-97AD-2F59B2082E7E}.Debug|x64.Build.0 = Debug|Any CPU
		{E0997346-8C7F-4A9D-97AD-2F59B2082E7E}.Debug|x86.ActiveCfg = Debug|Any CPU
		{E0997346-8C7F-4A9D-97AD-2F59B2082E7E}.Debug|x86.Build.0 = Debug|Any CPU
		{E0997346-8C7F-4A9D-97AD-2F59B2082E7E}.Release|Any CPU.ActiveCfg = Release|Any CPU
		{E0997346-8C7F-4A9D-97AD-2F59B2082E7E}.Release|Any CPU.Build.0 = Release|Any CPU
		{E0997346-8C7F-4A9D-97AD-2F59B2082E7E}.Release|x64.ActiveCfg = Release|Any CPU
		{E0997346-8C7F-4A9D-97AD-2F59B2082E7E}.Release|x64.Build.0 = Release|Any CPU
		{E0997346-8C7F-4A9D-97AD-2F59B2082E7E}.Release|x86.ActiveCfg = Release|Any CPU
		{E0997346-8C7F-4A9D-97AD-2F59B2082E7E}.Release|x86.Build.0 = Release|Any CPU
		{CD267A10-BD75-485A-A3EF-8F5EA99423C4}.Debug|Any CPU.ActiveCfg = Debug|Any CPU
		{CD267A10-BD75-485A-A3EF-8F5EA99423C4}.Debug|Any CPU.Build.0 = Debug|Any CPU
		{CD267A10-BD75-485A-A3EF-8F5EA99423C4}.Debug|x64.ActiveCfg = Debug|Any CPU
		{CD267A10-BD75-485A-A3EF-8F5EA99423C4}.Debug|x64.Build.0 = Debug|Any CPU
		{CD267A10-BD75-485A-A3EF-8F5EA99423C4}.Debug|x86.ActiveCfg = Debug|Any CPU
		{CD267A10-BD75-485A-A3EF-8F5EA99423C4}.Debug|x86.Build.0 = Debug|Any CPU
		{CD267A10-BD75-485A-A3EF-8F5EA99423C4}.Release|Any CPU.ActiveCfg = Release|Any CPU
		{CD267A10-BD75-485A-A3EF-8F5EA99423C4}.Release|Any CPU.Build.0 = Release|Any CPU
		{CD267A10-BD75-485A-A3EF-8F5EA99423C4}.Release|x64.ActiveCfg = Release|Any CPU
		{CD267A10-BD75-485A-A3EF-8F5EA99423C4}.Release|x64.Build.0 = Release|Any CPU
		{CD267A10-BD75-485A-A3EF-8F5EA99423C4}.Release|x86.ActiveCfg = Release|Any CPU
		{CD267A10-BD75-485A-A3EF-8F5EA99423C4}.Release|x86.Build.0 = Release|Any CPU
		{DE262451-857F-4514-9700-0B9C816B1EBB}.Debug|Any CPU.ActiveCfg = Debug|Any CPU
		{DE262451-857F-4514-9700-0B9C816B1EBB}.Debug|Any CPU.Build.0 = Debug|Any CPU
		{DE262451-857F-4514-9700-0B9C816B1EBB}.Debug|x64.ActiveCfg = Debug|Any CPU
		{DE262451-857F-4514-9700-0B9C816B1EBB}.Debug|x64.Build.0 = Debug|Any CPU
		{DE262451-857F-4514-9700-0B9C816B1EBB}.Debug|x86.ActiveCfg = Debug|Any CPU
		{DE262451-857F-4514-9700-0B9C816B1EBB}.Debug|x86.Build.0 = Debug|Any CPU
		{DE262451-857F-4514-9700-0B9C816B1EBB}.Release|Any CPU.ActiveCfg = Release|Any CPU
		{DE262451-857F-4514-9700-0B9C816B1EBB}.Release|Any CPU.Build.0 = Release|Any CPU
		{DE262451-857F-4514-9700-0B9C816B1EBB}.Release|x64.ActiveCfg = Release|Any CPU
		{DE262451-857F-4514-9700-0B9C816B1EBB}.Release|x64.Build.0 = Release|Any CPU
		{DE262451-857F-4514-9700-0B9C816B1EBB}.Release|x86.ActiveCfg = Release|Any CPU
		{DE262451-857F-4514-9700-0B9C816B1EBB}.Release|x86.Build.0 = Release|Any CPU
		{13C843D1-D94F-4788-970A-02795222C3DA}.Debug|Any CPU.ActiveCfg = Debug|Any CPU
		{13C843D1-D94F-4788-970A-02795222C3DA}.Debug|Any CPU.Build.0 = Debug|Any CPU
		{13C843D1-D94F-4788-970A-02795222C3DA}.Debug|x64.ActiveCfg = Debug|Any CPU
		{13C843D1-D94F-4788-970A-02795222C3DA}.Debug|x64.Build.0 = Debug|Any CPU
		{13C843D1-D94F-4788-970A-02795222C3DA}.Debug|x86.ActiveCfg = Debug|Any CPU
		{13C843D1-D94F-4788-970A-02795222C3DA}.Debug|x86.Build.0 = Debug|Any CPU
		{13C843D1-D94F-4788-970A-02795222C3DA}.Release|Any CPU.ActiveCfg = Release|Any CPU
		{13C843D1-D94F-4788-970A-02795222C3DA}.Release|Any CPU.Build.0 = Release|Any CPU
		{13C843D1-D94F-4788-970A-02795222C3DA}.Release|x64.ActiveCfg = Release|Any CPU
		{13C843D1-D94F-4788-970A-02795222C3DA}.Release|x64.Build.0 = Release|Any CPU
		{13C843D1-D94F-4788-970A-02795222C3DA}.Release|x86.ActiveCfg = Release|Any CPU
		{13C843D1-D94F-4788-970A-02795222C3DA}.Release|x86.Build.0 = Release|Any CPU
		{5CF1E423-AF47-4968-9403-06940112F971}.Debug|Any CPU.ActiveCfg = Debug|Any CPU
		{5CF1E423-AF47-4968-9403-06940112F971}.Debug|Any CPU.Build.0 = Debug|Any CPU
		{5CF1E423-AF47-4968-9403-06940112F971}.Debug|x64.ActiveCfg = Debug|Any CPU
		{5CF1E423-AF47-4968-9403-06940112F971}.Debug|x64.Build.0 = Debug|Any CPU
		{5CF1E423-AF47-4968-9403-06940112F971}.Debug|x86.ActiveCfg = Debug|Any CPU
		{5CF1E423-AF47-4968-9403-06940112F971}.Debug|x86.Build.0 = Debug|Any CPU
		{5CF1E423-AF47-4968-9403-06940112F971}.Release|Any CPU.ActiveCfg = Release|Any CPU
		{5CF1E423-AF47-4968-9403-06940112F971}.Release|Any CPU.Build.0 = Release|Any CPU
		{5CF1E423-AF47-4968-9403-06940112F971}.Release|x64.ActiveCfg = Release|Any CPU
		{5CF1E423-AF47-4968-9403-06940112F971}.Release|x64.Build.0 = Release|Any CPU
		{5CF1E423-AF47-4968-9403-06940112F971}.Release|x86.ActiveCfg = Release|Any CPU
		{5CF1E423-AF47-4968-9403-06940112F971}.Release|x86.Build.0 = Release|Any CPU
		{46441C33-9FE3-495E-8F1F-C9B9D6DF2CF7}.Debug|Any CPU.ActiveCfg = Debug|Any CPU
		{46441C33-9FE3-495E-8F1F-C9B9D6DF2CF7}.Debug|Any CPU.Build.0 = Debug|Any CPU
		{46441C33-9FE3-495E-8F1F-C9B9D6DF2CF7}.Debug|x64.ActiveCfg = Debug|Any CPU
		{46441C33-9FE3-495E-8F1F-C9B9D6DF2CF7}.Debug|x64.Build.0 = Debug|Any CPU
		{46441C33-9FE3-495E-8F1F-C9B9D6DF2CF7}.Debug|x86.ActiveCfg = Debug|Any CPU
		{46441C33-9FE3-495E-8F1F-C9B9D6DF2CF7}.Debug|x86.Build.0 = Debug|Any CPU
		{46441C33-9FE3-495E-8F1F-C9B9D6DF2CF7}.Release|Any CPU.ActiveCfg = Release|Any CPU
		{46441C33-9FE3-495E-8F1F-C9B9D6DF2CF7}.Release|Any CPU.Build.0 = Release|Any CPU
		{46441C33-9FE3-495E-8F1F-C9B9D6DF2CF7}.Release|x64.ActiveCfg = Release|Any CPU
		{46441C33-9FE3-495E-8F1F-C9B9D6DF2CF7}.Release|x64.Build.0 = Release|Any CPU
		{46441C33-9FE3-495E-8F1F-C9B9D6DF2CF7}.Release|x86.ActiveCfg = Release|Any CPU
		{46441C33-9FE3-495E-8F1F-C9B9D6DF2CF7}.Release|x86.Build.0 = Release|Any CPU
	EndGlobalSection
	GlobalSection(SolutionProperties) = preSolution
		HideSolutionNode = FALSE
	EndGlobalSection
	GlobalSection(NestedProjects) = preSolution
		{2C7C5BE4-42A5-4C84-B0F5-6BF2736A5E8E} = {827E0CD3-B72D-47B6-A68D-7590B98EB39B}
		{E0997346-8C7F-4A9D-97AD-2F59B2082E7E} = {827E0CD3-B72D-47B6-A68D-7590B98EB39B}
		{CD267A10-BD75-485A-A3EF-8F5EA99423C4} = {827E0CD3-B72D-47B6-A68D-7590B98EB39B}
		{DE262451-857F-4514-9700-0B9C816B1EBB} = {827E0CD3-B72D-47B6-A68D-7590B98EB39B}
		{13C843D1-D94F-4788-970A-02795222C3DA} = {0AB3BF05-4346-4AA6-1389-037BE0695223}
		{5CF1E423-AF47-4968-9403-06940112F971} = {0AB3BF05-4346-4AA6-1389-037BE0695223}
		{46441C33-9FE3-495E-8F1F-C9B9D6DF2CF7} = {0AB3BF05-4346-4AA6-1389-037BE0695223}
	EndGlobalSection
EndGlobal
